# THIS IS AN AUTOGENERATED FILE. DO NOT EDIT THIS FILE DIRECTLY.
# yarn lockfile v1


"@types/unist@*", "@types/unist@^2.0.0":
  version "2.0.5"
  resolved "https://registry.npmjs.org/@types/unist/-/unist-2.0.5.tgz#fdd299f23205c3455af88ce618dd65c14cb73e22"
  integrity sha512-wnra4Vw9dopnuybR6HBywJ/URYpYrKLoepBTEtgfJup8Ahoi2zJECPP2cwiXp7btTvOT2CULv87aQRA4eZSP6g==

"@types/xast@^1.0.0":
  version "1.0.2"
  resolved "https://registry.npmjs.org/@types/xast/-/xast-1.0.2.tgz#1eeb4b3c6e00e9f8bd848765ce1a22d183abe37f"
  integrity sha512-eIuX49CmWaXTh0hDEQTFH5MbTV+NPm0FM5gB36nDcr9x8n75t9o7wy2guS1lakkQxtUwfVDYiokqvHk3x0CC4Q==
  dependencies:
    "@types/unist" "*"

bcp-47-match@^2.0.0:
  version "2.0.0"
  resolved "https://registry.npmjs.org/bcp-47-match/-/bcp-47-match-2.0.0.tgz#d0481051d51608cb5f5d7f75f5f5668e273dc469"
  integrity sha512-B3/f3fqIdWLUQE/iFIahFmDKB6X2U7RcugRcdEj2Ntju13zrewCSqnEwG92iUUKfkZ6I+UMtT2NCBwLCvXBOmg==

bcp-47-normalize@^2.0.0:
  version "2.0.1"
  resolved "https://registry.npmjs.org/bcp-47-normalize/-/bcp-47-normalize-2.0.1.tgz#13b06884d096cd2729dbd966a839523b706787a5"
  integrity sha512-5KfiLLDVOqTF8eO0/ByMKO1YqPLDvOH8W3MpKSD5Xc5/4ZDIeOHBf5pMhc29AI1NWybb9+y1ET9zQ5NsMyQE+g==
  dependencies:
    bcp-47 "^2.0.0"
    bcp-47-match "^2.0.0"

bcp-47@^2.0.0:
  version "2.0.0"
  resolved "https://registry.npmjs.org/bcp-47/-/bcp-47-2.0.0.tgz#c1d5d8bc97b5eef369c1a6d6642f371953394613"
  integrity sha512-a2rxWVfksWjVu8cZR519RR6QFS0231vhhNAn55z20BPTX0Z6ucuIoRYUwsLwnpCixS1PvEwtbwzXXB9c0gEcMQ==
  dependencies:
    is-alphabetical "^2.0.0"
    is-alphanumerical "^2.0.0"
    is-decimal "^2.0.0"

ccount@^2.0.0:
  version "2.0.0"
  resolved "https://registry.npmjs.org/ccount/-/ccount-2.0.0.tgz#3d6fb55803832766a24c6f339abc507297eb5d25"
  integrity sha512-VOR0NWFYX65n9gELQdcpqsie5L5ihBXuZGAgaPEp/U7IOSjnPMEH6geE+2f6lcekaNEfWzAHS45mPvSo5bqsUA==

character-entities-html4@^2.0.0:
  version "2.0.0"
  resolved "https://registry.npmjs.org/character-entities-html4/-/character-entities-html4-2.0.0.tgz#55fcf3ed00febfe41f8f6a5709d25ab8ed73a449"
  integrity sha512-dwT2xh5ZhUAjyP96k57ilMKoTQyASaw9IAMR9U5c1lCu2RUni6O6jxfpUEdO2RcPT6TJFvr8pqsbami4Jk+2oA==

character-entities-legacy@^2.0.0:
  version "2.0.0"
  resolved "https://registry.npmjs.org/character-entities-legacy/-/character-entities-legacy-2.0.0.tgz#57f4d00974c696e8f74e9f493e7fcb75b44d7ee7"
  integrity sha512-YwaEtEvWLpFa6Wh3uVLrvirA/ahr9fki/NUd/Bd4OR6EdJ8D22hovYQEOUCBfQfcqnC4IAMGMsHXY1eXgL4ZZA==

esbuild@^0.12.15:
  version "0.12.15"
  resolved "https://registry.npmjs.org/esbuild/-/esbuild-0.12.15.tgz#9d99cf39aeb2188265c5983e983e236829f08af0"
  integrity sha512-72V4JNd2+48eOVCXx49xoSWHgC3/cCy96e7mbXKY+WOWghN00cCmlGnwVLRhRHorvv0dgCyuMYBZlM2xDM5OQw==

is-alphabetical@^2.0.0:
  version "2.0.0"
  resolved "https://registry.npmjs.org/is-alphabetical/-/is-alphabetical-2.0.0.tgz#ef6e2caea57c63450fffc7abb6cbdafc5eb96e96"
  integrity sha512-5OV8Toyq3oh4eq6sbWTYzlGdnMT/DPI5I0zxUBxjiigQsZycpkKF3kskkao3JyYGuYDHvhgJF+DrjMQp9SX86w==

is-alphanumerical@^2.0.0:
  version "2.0.0"
  resolved "https://registry.npmjs.org/is-alphanumerical/-/is-alphanumerical-2.0.0.tgz#0fbfeb6a72d21d91143b3d182bf6cf5909ee66f6"
  integrity sha512-t+2GlJ+hO9yagJ+jU3+HSh80VKvz/3cG2cxbGGm4S0hjKuhWQXgPVUVOZz3tqZzMjhmphZ+1TIJTlRZRoe6GCQ==
  dependencies:
    is-alphabetical "^2.0.0"
    is-decimal "^2.0.0"

is-decimal@^2.0.0:
  version "2.0.0"
  resolved "https://registry.npmjs.org/is-decimal/-/is-decimal-2.0.0.tgz#db1140337809fd043a056ae40a9bd1cdc563034c"
  integrity sha512-QfrfjQV0LjoWQ1K1XSoEZkTAzSa14RKVMa5zg3SdAfzEmQzRM4+tbSFWb78creCeA9rNBzaZal92opi1TwPWZw==

stringify-entities@^4.0.0:
  version "4.0.1"
  resolved "https://registry.npmjs.org/stringify-entities/-/stringify-entities-4.0.1.tgz#f483c9ca8d7e029edec9863c5a37c1f1e7702c8d"
  integrity sha512-gmMQxKXPWIO3NXNSPyWNhlYcBNGpPA/487D+9dLPnU4xBnIrnHdr8cv5rGJOS/1BRxEXRb7uKwg7BA36IWV7xg==
  dependencies:
    character-entities-html4 "^2.0.0"
    character-entities-legacy "^2.0.0"

unist-builder@^3.0.0:
  version "3.0.0"
  resolved "https://registry.npmjs.org/unist-builder/-/unist-builder-3.0.0.tgz#728baca4767c0e784e1e64bb44b5a5a753021a04"
  integrity sha512-GFxmfEAa0vi9i5sd0R2kcrI9ks0r82NasRq5QHh2ysGngrc6GiqD5CDf1FjPenY4vApmFASBIIlk/jj5J5YbmQ==
  dependencies:
    "@types/unist" "^2.0.0"

xast-util-feed@^1.2.0:
  version "1.2.0"
  resolved "https://registry.npmjs.org/xast-util-feed/-/xast-util-feed-1.2.0.tgz#6d886f128c9ea2ff75a040ba3c7b6d0c02e150ec"
  integrity sha512-+B+nmuchTVHvpamIWKUBVUowksZFEx123HvxX9tn2KaVxVtQX7HjMb4SNHiShbhvYtyYnJeKQMJqcHmP4mqeUw==
  dependencies:
    "@types/xast" "^1.0.0"
    bcp-47-normalize "^2.0.0"
    unist-builder "^3.0.0"
    xastscript "^3.0.0"

xast-util-to-xml@^3.0.0:
  version "3.0.0"
  resolved "https://registry.npmjs.org/xast-util-to-xml/-/xast-util-to-xml-3.0.0.tgz#06896db0cce30b399696daa06b0e9a8fe439e2c3"
  integrity sha512-lhyPSdXoHkr92kkMxuwfd6UVfEXUuAYIzSzdJPmlX//BVRTaXFQLWA7iOxMKLg2+mkcCsKl4GtpXCMIxNHJb3Q==
  dependencies:
    "@types/xast" "^1.0.0"
    ccount "^2.0.0"
    stringify-entities "^4.0.0"

xastscript@^3.0.0:
  version "3.0.0"
  resolved "https://registry.npmjs.org/xastscript/-/xastscript-3.0.0.tgz#cf3e5e66407a9415e1620bb5f9726e8bb45bbda1"
  integrity sha512-K/b8ih/Mt6z1mEkQnNpUcpkvlMUfJhIgbGg4PPnPCnqvrG+Dm/qfZJXidbVUx+PGYKD5VtuhYHQzyC935voA4Q==
  dependencies:
    "@types/xast" "^1.0.0"
